{
  "name": "universal-clipboard-lan",
  "version": "0.2.0",
  "lockfileVersion": 3,
  "requires": true,
  "packages": {
    "": {
      "name": "universal-clipboard-lan",
      "version": "0.2.0",
      "dependencies": {
        "@crosscopy/clipboard": "0.3.6",
        "@napi-rs/clipboard": "1.1.4",
        "pngjs": "7.0.0"
      },
      "bin": {
        "uc": "src/cli.js"
      },
      "engines": {
        "node": ">=22"
      }
    },
    "node_modules/@crosscopy/clipboard": {
      "version": "0.3.6",
      "resolved": "https://registry.npmjs.org/@crosscopy/clipboard/-/clipboard-0.3.6.tgz",
      "integrity": "sha512-h/LlfI5t/xsxLr63g3Os0mjoeITj7/8x8Goy5PZ+f4bk3DDgc1r5VXO462U3e8/+LjHixtvS9sTk/MoKEwSutw==",
      "license": "MIT",
      "engines": {
        "node": ">= 10.20.0 < 11 || >= 12.17.0 < 13 || >= 14.0.0"
      },
      "optionalDependencies": {
        "@crosscopy/clipboard-darwin-arm64": "0.3.6",
        "@crosscopy/clipboard-darwin-x64": "0.3.6",
        "@crosscopy/clipboard-linux-x64-gnu": "0.3.6",
        "@crosscopy/clipboard-win32-x64-msvc": "0.3.6"
      }
    },
    "node_modules/@crosscopy/clipboard-darwin-arm64": {
      "version": "0.3.6",
      "resolved": "https://registry.npmjs.org/@crosscopy/clipboard-darwin-arm64/-/clipboard-darwin-arm64-0.3.6.tgz",
      "integrity": "sha512-l2FtoiefGpYIWL8Fvku/pEth8KlI4j4andtn8WveumMiNx/0TNI2OEhSe+mX4X/me0+b5le/PTVrOPXrxvZuiA==",
      "cpu": [
        "arm64"
      ],
      "license": "MIT",
      "optional": true,
      "os": [
        "darwin"
      ],
      "engines": {
        "node": ">= 10.20.0 < 11 || >= 12.17.0 < 13 || >= 14.0.0"
      }
    },
    "node_modules/@crosscopy/clipboard-darwin-x64": {
      "version": "0.3.6",
      "resolved": "https://registry.npmjs.org/@crosscopy/clipboard-darwin-x64/-/clipboard-darwin-x64-0.3.6.tgz",
      "integrity": "sha512-fXVk7oLUkCyjVakW6VZc1JIeUcXH0/edJXAUREFpWastMlcZAp4AF/7njtlimWmANxtAQu3R2YI3ziFzEF4Neg==",
      "cpu": [
        "x64"
      ],
      "license": "MIT",
      "optional": true,
      "os": [
        "darwin"
      ],
      "engines": {
        "node": ">= 10.20.0 < 11 || >= 12.17.0 < 13 || >= 14.0.0"
      }
    },
    "node_modules/@crosscopy/clipboard-linux-x64-gnu": {
      "version": "0.3.6",
      "resolved": "https://registry.npmjs.org/@crosscopy/clipboard-linux-x64-gnu/-/clipboard-linux-x64-gnu-0.3.6.tgz",
      "integrity": "sha512-bPKMdbmPM6wa9smgpA9RSpIfWhQxd93XWmRQf9vkwrmvnP43shgXegV+vO8SyDd3ZPZy/OvHe3p/YyWNBC4S6g==",
      "cpu": [
        "x64"
      ],
      "license": "MIT",
      "optional": true,
      "os": [
        "linux"
      ],
      "engines": {
        "node": ">= 10.20.0 < 11 || >= 12.17.0 < 13 || >= 14.0.0"
      }
    },
    "node_modules/@crosscopy/clipboard-win32-x64-msvc": {
      "version": "0.3.6",
      "resolved": "https://registry.npmjs.org/@crosscopy/clipboard-win32-x64-msvc/-/clipboard-win32-x64-msvc-0.3.6.tgz",
      "integrity": "sha512-GZ0i9XoPYQV5DhTQWiHjArE3ZTuovHmHNL7yE6Pm/91icOtrm9Mk9tVnpU/rQR9bzOn3MqN8+AFsp5NKZqTg7Q==",
      "cpu": [
        "x64"
      ],
      "license": "MIT",
      "optional": true,
      "os": [
        "win32"
      ],
      "engines": {
        "node": ">= 10.20.0 < 11 || >= 12.17.0 < 13 || >= 14.0.0"
      }
    },
    "node_modules/@napi-rs/clipboard": {
      "version": "1.1.4",
      "resolved": "https://registry.npmjs.org/@napi-rs/clipboard/-/clipboard-1.1.4.tgz",
      "integrity": "sha512-ex3Q2vQcpzemc2DDnR0ptEkk26jFMfMgm/xxXsXQBmrq8fHVf/cRDghP9a0dv9FRjjjTe2FuIE9o7+4lz+nPEg==",
      "license": "MIT",
      "engines": {
        "node": ">= 10"
      },
      "optionalDependencies": {
        "@napi-rs/clipboard-darwin-arm64": "1.1.4",
        "@napi-rs/clipboard-darwin-x64": "1.1.4",
        "@napi-rs/clipboard-linux-arm-gnueabihf": "1.1.4",
        "@napi-rs/clipboard-linux-arm64-gnu": "1.1.4",
        "@napi-rs/clipboard-linux-arm64-musl": "1.1.4",
        "@napi-rs/clipboard-linux-x64-gnu": "1.1.4",
        "@napi-rs/clipboard-linux-x64-musl": "1.1.4",
        "@napi-rs/clipboard-win32-arm64-msvc": "1.1.4",
        "@napi-rs/clipboard-win32-ia32-msvc": "1.1.4",
        "@napi-rs/clipboard-win32-x64-msvc": "1.1.4"
      }
    },
    "node_modules/@napi-rs/clipboard-darwin-arm64": {
      "version": "1.1.4",
      "resolved": "https://registry.npmjs.org/@napi-rs/clipboard-darwin-arm64/-/clipboard-darwin-arm64-1.1.4.tgz",
      "integrity": "sha512-hqaOcMJFaB8AP9V3dqbeaWiR3j9p99pI9vGq6TNNpVUb2Rq+6dJpMt/QYMALBGBdhVr3Wxy8NZ9txcDL2DmIvg==",
      "cpu": [
        "arm64"
      ],
      "license": "MIT",
      "optional": true,
      "os": [
        "darwin"
      ],
      "engines": {
        "node": ">= 10"
      }
    },
    "node_modules/@napi-rs/clipboard-darwin-x64": {
      "version": "1.1.4",
      "resolved": "https://registry.npmjs.org/@napi-rs/clipboard-darwin-x64/-/clipboard-darwin-x64-1.1.4.tgz",
      "integrity": "sha512-4m3ALRBJavnFXM15Vob1ZIFEpaDjnz4C0ErN8Iv4NCB6hax8ZBs6eCwatgneyOGV8Kz+/PFkai9tukwZBGYa9Q==",
      "cpu": [
        "x64"
      ],
      "license": "MIT",
      "optional": true,
      "os": [
        "darwin"
      ],
      "engines": {
        "node": ">= 10"
      }
    },
    "node_modules/@napi-rs/clipboard-linux-arm-gnueabihf": {
      "version": "1.1.4",
      "resolved": "https://registry.npmjs.org/@napi-rs/clipboard-linux-arm-gnueabihf/-/clipboard-linux-arm-gnueabihf-1.1.4.tgz",
      "integrity": "sha512-gByv1Kx56vgytSEsVMRvewqo8/LkhJZokx8f2R5quT/DqhBAx+KvwelP1D8I7W6vIujEkpQJ8iqCc5eLxnyP2g==",
      "cpu": [
        "arm"
      ],
      "license": "MIT",
      "optional": true,
      "os": [
        "linux"
      ],
      "engines": {
        "node": ">= 10"
      }
    },
    "node_modules/@napi-rs/clipboard-linux-arm64-gnu": {
      "version": "1.1.4",
      "resolved": "https://registry.npmjs.org/@napi-rs/clipboard-linux-arm64-gnu/-/clipboard-linux-arm64-gnu-1.1.4.tgz",
      "integrity": "sha512-oBjtDCKEhR7rS2UMCi4T9YFYzSV37GvoUr6TXWg8HYXdAw+XnyhwuknBrrFDkjq/Lbv1EUGmgGDtOn7OB0hjlg==",
      "cpu": [
        "arm64"
      ],
      "license": "MIT",
      "optional": true,
      "os": [
        "linux"
      ],
      "engines": {
        "node": ">= 10"
      }
    },
    "node_modules/@napi-rs/clipboard-linux-arm64-musl": {
      "version": "1.1.4",
      "resolved": "https://registry.npmjs.org/@napi-rs/clipboard-linux-arm64-musl/-/clipboard-linux-arm64-musl-1.1.4.tgz",
      "integrity": "sha512-+tp8s55az/C62Ge8E39mji+ixRcc6evyz/sGTMP8LP7DnJRr2UU3o+PKv/tgeSZDgnde4UciQwun0jkb0CNjyw==",
      "cpu": [
        "arm64"
      ],
      "license": "MIT",
      "optional": true,
      "os": [
        "linux"
      ],
      "engines": {
        "node": ">= 10"
      }
    },
    "node_modules/@napi-rs/clipboard-linux-x64-gnu": {
      "version": "1.1.4",
      "resolved": "https://registry.npmjs.org/@napi-rs/clipboard-linux-x64-gnu/-/clipboard-linux-x64-gnu-1.1.4.tgz",
      "integrity": "sha512-1NOoqRIY+pkdtUjF6p4+le7/lHfYd+jbRV7CGvwXlbC8e4Az9Mi2yOeXZ2w35pppO/YNM7xtqsBSPQ1kL1M+kg==",
      "cpu": [
        "x64"
      ],
      "license": "MIT",
      "optional": true,
      "os": [
        "linux"
      ],
      "engines": {
        "node": ">= 10"
      }
    },
    "node_modules/@napi-rs/clipboard-linux-x64-musl": {
      "version": "1.1.4",
      "resolved": "https://registry.npmjs.org/@napi-rs/clipboard-linux-x64-musl/-/clipboard-linux-x64-musl-1.1.4.tgz",
      "integrity": "sha512-BtAoFOgxc0u6r2TxLSGSbOl+O/T2ylUo8Aa32c0aLij5pdLe//+CQyODMr2r3Ihb0xwoWMS7C5yhe4Bf/T79Bw==",
      "cpu": [
        "x64"
      ],
      "license": "MIT",
      "optional": true,
      "os": [
        "linux"
      ],
      "engines": {
        "node": ">= 10"
      }
    },
    "node_modules/@napi-rs/clipboard-win32-arm64-msvc": {
      "version": "1.1.4",
      "resolved": "https://registry.npmjs.org/@napi-rs/clipboard-win32-arm64-msvc/-/clipboard-win32-arm64-msvc-1.1.4.tgz",
      "integrity": "sha512-U/gm4nBP0NHVhKVRkXzrlRuRNtVxSnCrc/De3SjS752N2KpSegj1DeC3I5BaGzgjlaX9tE1NnLACZ9LMwCKWIg==",
      "cpu": [
        "arm64"
      ],
      "license": "MIT",
      "optional": true,
      "os": [
        "win32"
      ],
      "engines": {
        "node": ">= 10"
      }
    },
    "node_modules/@napi-rs/clipboard-win32-ia32-msvc": {
      "version": "1.1.4",
      "resolved": "https://registry.npmjs.org/@napi-rs/clipboard-win32-ia32-msvc/-/clipboard-win32-ia32-msvc-1.1.4.tgz",
      "integrity": "sha512-6dgEqzfS4TUGv1jftjJqt289ZNBd7UfFS6lIYktXEp0KaAhEb2DnaT5OMUSYnoFV3A/oigx0mSuTPOkxpeDRTA==",
      "cpu": [
        "ia32"
      ],
      "license": "MIT",
      "optional": true,
      "os": [
        "win32"
      ],
      "engines": {
        "node": ">= 10"
      }
    },
    "node_modules/@napi-rs/clipboard-win32-x64-msvc": {
      "version": "1.1.4",
      "resolved": "https://registry.npmjs.org/@napi-rs/clipboard-win32-x64-msvc/-/clipboard-win32-x64-msvc-1.1.4.tgz",
      "integrity": "sha512-YHhRtR6ul66WGHjt9R6Ij64iervxSnRK07VPWqwD5MZIdflWDIFxKTZP8OVgDf4mhy48zoCbasnClN8Qrq+9zA==",
      "cpu": [
        "x64"
      ],
      "license": "MIT",
      "optional": true,
      "os": [
        "win32"
      ],
      "engines": {
        "node": ">= 10"
      }
    },
    "node_modules/pngjs": {
      "version": "7.0.0",
      "resolved": "https://registry.npmjs.org/pngjs/-/pngjs-7.0.0.tgz",
      "integrity": "sha512-LKWqWJRhstyYo9pGvgor/ivk2w94eSjE3RGVuzLGlr3NmD8bf7RcYGze1mNdEHRP6TRP6rMuDHk5t44hnTRyow==",
      "license": "MIT",
      "engines": {
        "node": ">=14.19.0"
      }
    }
  }
}
